<?xml version="1.0" encoding="utf-8"?>
<Project ToolsVersion="17.0" xmlns="http://schemas.microsoft.com/developer/msbuild/2003">
  <ItemGroup>
    <ClCompile Include="C:\Users\PADA-PC\TEK\Epitech-RType\server\src\main.cpp">
      <Filter>Source Files</Filter>
    </ClCompile>
    <ClCompile Include="C:\Users\PADA-PC\TEK\Epitech-RType\server\src\message_dispatcher.cpp">
      <Filter>Source Files</Filter>
    </ClCompile>
  </ItemGroup>
  <ItemGroup>
    <CustomBuild Include="C:\Users\PADA-PC\TEK\Epitech-RType\server\CMakeLists.txt" />
  </ItemGroup>
  <ItemGroup>
    <Filter Include="Source Files">
      <UniqueIdentifier>{E64EE218-0940-3E15-A32D-6C51F2D192AA}</UniqueIdentifier>
    </Filter>
  </ItemGroup>
</Project>
